
Microsoft Visual Studio Solution File, Format Version 12.00
# Visual Studio 15
VisualStudioVersion = 15.0.28307.168
MinimumVisualStudioVersion = 10.0.40219.1
Project("{FAE04EC0-301F-11D3-BF4B-00C04F79EFBC}") = "TreeViewExample", "TreeViewExample\TreeViewExample.csproj", "{36D665F7-9F0E-4598-AE8A-8D2B79BF12ED}"
EndProject
Global
	GlobalSection(SolutionConfigurationPlatforms) = preSolution
		Debug|Any CPU = Debug|Any CPU
		Release|Any CPU = Release|Any CPU
	EndGlobalSection
	GlobalSection(ProjectConfigurationPlatforms) = postSolution
		{36D665F7-9F0E-4598-AE8A-8D2B79BF12ED}.Debug|Any CPU.ActiveCfg = Debug|Any CPU
		{36D665F7-9F0E-4598-AE8A-8D2B79BF12ED}.Debug|Any CPU.Build.0 = Debug|Any CPU
		{36D665F7-9F0E-4598-AE8A-8D2B79BF12ED}.Release|Any CPU.ActiveCfg = Release|Any CPU
		{36D665F7-9F0E-4598-AE8A-8D2B79BF12ED}.Release|Any CPU.Build.0 = Release|Any CPU
	EndGlobalSection
	GlobalSection(SolutionProperties) = preSolution
		HideSolutionNode = FALSE
	EndGlobalSection
	GlobalSection(ExtensibilityGlobals) = postSolution
		SolutionGuid = {FFE02CD3-95A3-4218-A561-8510077B4E5F}
	EndGlobalSection
EndGlobal
