
Microsoft Visual Studio Solution File, Format Version 11.00
# Visual Studio 2010
Project("{FAE04EC0-301F-11D3-BF4B-00C04F79EFBC}") = "WpfDataGridStyle", "WpfDataGridStyle\WpfDataGridStyle.csproj", "{6cf578a6-a6bf-4e09-9ebc-0166de3f0ac7}"
EndProject
Global
	GlobalSection(SolutionConfigurationPlatforms) = preSolution
		Debug|Any CPU = Debug|Any CPU
		Release|Any CPU = Release|Any CPU
	EndGlobalSection
	GlobalSection(ProjectConfigurationPlatforms) = postSolution
		{6CF578A6-A6BF-4E09-9EBC-0166DE3F0AC7}.Debug|Any CPU.ActiveCfg = Debug|Any CPU
		{6CF578A6-A6BF-4E09-9EBC-0166DE3F0AC7}.Debug|Any CPU.Build.0 = Debug|Any CPU
		{6CF578A6-A6BF-4E09-9EBC-0166DE3F0AC7}.Release|Any CPU.ActiveCfg = Release|Any CPU
		{6CF578A6-A6BF-4E09-9EBC-0166DE3F0AC7}.Release|Any CPU.Build.0 = Release|Any CPU
	EndGlobalSection
EndGlobal
