
Microsoft Visual Studio Solution File, Format Version 12.00
# Visual Studio 15
VisualStudioVersion = 15.0.28307.168
MinimumVisualStudioVersion = 10.0.40219.1
Project("{FAE04EC0-301F-11D3-BF4B-00C04F79EFBC}") = "TextEditValueMinMaxCheck", "TextEditValueMinMaxCheck\TextEditValueMinMaxCheck.csproj", "{2A5F8055-50BC-47F8-B7B6-710F6B177489}"
EndProject
Global
	GlobalSection(SolutionConfigurationPlatforms) = preSolution
		Debug|Any CPU = Debug|Any CPU
		Release|Any CPU = Release|Any CPU
	EndGlobalSection
	GlobalSection(ProjectConfigurationPlatforms) = postSolution
		{2A5F8055-50BC-47F8-B7B6-710F6B177489}.Debug|Any CPU.ActiveCfg = Debug|Any CPU
		{2A5F8055-50BC-47F8-B7B6-710F6B177489}.Debug|Any CPU.Build.0 = Debug|Any CPU
		{2A5F8055-50BC-47F8-B7B6-710F6B177489}.Release|Any CPU.ActiveCfg = Release|Any CPU
		{2A5F8055-50BC-47F8-B7B6-710F6B177489}.Release|Any CPU.Build.0 = Release|Any CPU
	EndGlobalSection
	GlobalSection(SolutionProperties) = preSolution
		HideSolutionNode = FALSE
	EndGlobalSection
	GlobalSection(ExtensibilityGlobals) = postSolution
		SolutionGuid = {7EA3706E-5BE1-416F-93CE-17641E142033}
	EndGlobalSection
EndGlobal
