
Microsoft Visual Studio Solution File, Format Version 12.00
# Visual Studio 15
VisualStudioVersion = 15.0.28307.168
MinimumVisualStudioVersion = 10.0.40219.1
Project("{8BC9CEB8-8B4A-11D0-8D11-00A0C91BC942}") = "GLFWExample", "GLFWExample\GLFWExample.vcxproj", "{DEEA8429-AA25-49F3-A15F-D481FDA6E789}"
EndProject
Global
	GlobalSection(SolutionConfigurationPlatforms) = preSolution
		Debug|x64 = Debug|x64
		Debug|x86 = Debug|x86
		Release|x64 = Release|x64
		Release|x86 = Release|x86
	EndGlobalSection
	GlobalSection(ProjectConfigurationPlatforms) = postSolution
		{DEEA8429-AA25-49F3-A15F-D481FDA6E789}.Debug|x64.ActiveCfg = Debug|x64
		{DEEA8429-AA25-49F3-A15F-D481FDA6E789}.Debug|x64.Build.0 = Debug|x64
		{DEEA8429-AA25-49F3-A15F-D481FDA6E789}.Debug|x86.ActiveCfg = Debug|Win32
		{DEEA8429-AA25-49F3-A15F-D481FDA6E789}.Debug|x86.Build.0 = Debug|Win32
		{DEEA8429-AA25-49F3-A15F-D481FDA6E789}.Release|x64.ActiveCfg = Release|x64
		{DEEA8429-AA25-49F3-A15F-D481FDA6E789}.Release|x64.Build.0 = Release|x64
		{DEEA8429-AA25-49F3-A15F-D481FDA6E789}.Release|x86.ActiveCfg = Release|Win32
		{DEEA8429-AA25-49F3-A15F-D481FDA6E789}.Release|x86.Build.0 = Release|Win32
	EndGlobalSection
	GlobalSection(SolutionProperties) = preSolution
		HideSolutionNode = FALSE
	EndGlobalSection
	GlobalSection(ExtensibilityGlobals) = postSolution
		SolutionGuid = {1F09EC07-3D03-4F97-B472-5D910AED1C50}
	EndGlobalSection
EndGlobal
