
Microsoft Visual Studio Solution File, Format Version 12.00
# Visual Studio 15
VisualStudioVersion = 15.0.28307.168
MinimumVisualStudioVersion = 10.0.40219.1
Project("{FAE04EC0-301F-11D3-BF4B-00C04F79EFBC}") = "DataGridStyleTest", "DataGridStyleTest\DataGridStyleTest.csproj", "{52EEC857-997F-47BD-86FF-45EB7B342424}"
EndProject
Global
	GlobalSection(SolutionConfigurationPlatforms) = preSolution
		Debug|Any CPU = Debug|Any CPU
		Release|Any CPU = Release|Any CPU
	EndGlobalSection
	GlobalSection(ProjectConfigurationPlatforms) = postSolution
		{52EEC857-997F-47BD-86FF-45EB7B342424}.Debug|Any CPU.ActiveCfg = Debug|Any CPU
		{52EEC857-997F-47BD-86FF-45EB7B342424}.Debug|Any CPU.Build.0 = Debug|Any CPU
		{52EEC857-997F-47BD-86FF-45EB7B342424}.Release|Any CPU.ActiveCfg = Release|Any CPU
		{52EEC857-997F-47BD-86FF-45EB7B342424}.Release|Any CPU.Build.0 = Release|Any CPU
	EndGlobalSection
	GlobalSection(SolutionProperties) = preSolution
		HideSolutionNode = FALSE
	EndGlobalSection
	GlobalSection(ExtensibilityGlobals) = postSolution
		SolutionGuid = {289A7DCE-3463-4BF6-95E4-1E7D08160584}
	EndGlobalSection
EndGlobal
