
Microsoft Visual Studio Solution File, Format Version 12.00
# Visual Studio 2012
Project("{FAE04EC0-301F-11D3-BF4B-00C04F79EFBC}") = "NetworkConnectCheck", "NetworkConnectCheck\NetworkConnectCheck.csproj", "{AEFBCAB4-4500-499D-8031-E47F5CFA9583}"
EndProject
Global
	GlobalSection(SolutionConfigurationPlatforms) = preSolution
		Debug|Any CPU = Debug|Any CPU
		Release|Any CPU = Release|Any CPU
	EndGlobalSection
	GlobalSection(ProjectConfigurationPlatforms) = postSolution
		{AEFBCAB4-4500-499D-8031-E47F5CFA9583}.Debug|Any CPU.ActiveCfg = Debug|Any CPU
		{AEFBCAB4-4500-499D-8031-E47F5CFA9583}.Debug|Any CPU.Build.0 = Debug|Any CPU
		{AEFBCAB4-4500-499D-8031-E47F5CFA9583}.Release|Any CPU.ActiveCfg = Release|Any CPU
		{AEFBCAB4-4500-499D-8031-E47F5CFA9583}.Release|Any CPU.Build.0 = Release|Any CPU
	EndGlobalSection
	GlobalSection(SolutionProperties) = preSolution
		HideSolutionNode = FALSE
	EndGlobalSection
EndGlobal
